
Microsoft Visual Studio Solution File, Format Version 12.00
# Visual Studio Version 17
VisualStudioVersion = 17.3.32929.385
MinimumVisualStudioVersion = 10.0.40219.1
Project("{FAE04EC0-301F-11D3-BF4B-00C04F79EFBC}") = "MessageServiceClient", "MessageServiceClient\MessageServiceClient.csproj", "{06E73060-2DAD-4876-AD13-FCFEF581DC5F}"
EndProject
Global
	GlobalSection(SolutionConfigurationPlatforms) = preSolution
		Debug|Any CPU = Debug|Any CPU
		Release|Any CPU = Release|Any CPU
	EndGlobalSection
	GlobalSection(ProjectConfigurationPlatforms) = postSolution
		{06E73060-2DAD-4876-AD13-FCFEF581DC5F}.Debug|Any CPU.ActiveCfg = Debug|Any CPU
		{06E73060-2DAD-4876-AD13-FCFEF581DC5F}.Debug|Any CPU.Build.0 = Debug|Any CPU
		{06E73060-2DAD-4876-AD13-FCFEF581DC5F}.Release|Any CPU.ActiveCfg = Release|Any CPU
		{06E73060-2DAD-4876-AD13-FCFEF581DC5F}.Release|Any CPU.Build.0 = Release|Any CPU
	EndGlobalSection
	GlobalSection(SolutionProperties) = preSolution
		HideSolutionNode = FALSE
	EndGlobalSection
	GlobalSection(ExtensibilityGlobals) = postSolution
		SolutionGuid = {CCF07244-FBFE-4CA9-8E44-BA903FE0F610}
	EndGlobalSection
EndGlobal
